
Microsoft Visual Studio Solution File, Format Version 12.00
# Visual Studio Version 16
VisualStudioVersion = 16.0.31729.503
MinimumVisualStudioVersion = 10.0.40219.1
Project("{FAE04EC0-301F-11D3-BF4B-00C04F79EFBC}") = "Arhibot.exe 1.0", "Arhibot.exe 1.0\Arhibot.exe 1.0.csproj", "{CBC4A4E2-60DF-411B-ADB8-055F5551C25E}"
EndProject
Global
	GlobalSection(SolutionConfigurationPlatforms) = preSolution
		Debug|Any CPU = Debug|Any CPU
		Release|Any CPU = Release|Any CPU
	EndGlobalSection
	GlobalSection(ProjectConfigurationPlatforms) = postSolution
		{CBC4A4E2-60DF-411B-ADB8-055F5551C25E}.Debug|Any CPU.ActiveCfg = Debug|Any CPU
		{CBC4A4E2-60DF-411B-ADB8-055F5551C25E}.Debug|Any CPU.Build.0 = Debug|Any CPU
		{CBC4A4E2-60DF-411B-ADB8-055F5551C25E}.Release|Any CPU.ActiveCfg = Release|Any CPU
		{CBC4A4E2-60DF-411B-ADB8-055F5551C25E}.Release|Any CPU.Build.0 = Release|Any CPU
	EndGlobalSection
	GlobalSection(SolutionProperties) = preSolution
		HideSolutionNode = FALSE
	EndGlobalSection
	GlobalSection(ExtensibilityGlobals) = postSolution
		SolutionGuid = {FA8E1B3E-F086-48C8-B387-06B0E1D5BB5C}
	EndGlobalSection
EndGlobal
